
Microsoft Visual Studio Solution File, Format Version 12.00
# Visual Studio Version 17
VisualStudioVersion = 17.8.34322.80
MinimumVisualStudioVersion = 10.0.40219.1
Project("{9A19103F-16F7-4668-BE54-9A1E7A4F7556}") = "ServerManagement", "ServerManagement\ServerManagement.csproj", "{8EB2A243-4BF7-47B3-AD45-1EC9CD07230C}"
EndProject
Global
	GlobalSection(SolutionConfigurationPlatforms) = preSolution
		Debug|Any CPU = Debug|Any CPU
		Release|Any CPU = Release|Any CPU
	EndGlobalSection
	GlobalSection(ProjectConfigurationPlatforms) = postSolution
		{8EB2A243-4BF7-47B3-AD45-1EC9CD07230C}.Debug|Any CPU.ActiveCfg = Debug|Any CPU
		{8EB2A243-4BF7-47B3-AD45-1EC9CD07230C}.Debug|Any CPU.Build.0 = Debug|Any CPU
		{8EB2A243-4BF7-47B3-AD45-1EC9CD07230C}.Release|Any CPU.ActiveCfg = Release|Any CPU
		{8EB2A243-4BF7-47B3-AD45-1EC9CD07230C}.Release|Any CPU.Build.0 = Release|Any CPU
	EndGlobalSection
	GlobalSection(SolutionProperties) = preSolution
		HideSolutionNode = FALSE
	EndGlobalSection
	GlobalSection(ExtensibilityGlobals) = postSolution
		SolutionGuid = {A78FC702-6516-4FE0-8321-91DAD3B2CEA6}
	EndGlobalSection
EndGlobal
